Microsoft Visual Studio Solution File, Format Version 12.00
# Visual Studio Version 17
VisualStudioVersion = 17.5.2.0
MinimumVisualStudioVersion = 10.0.40219.1
Project("{FAE04EC0-301F-11D3-BF4B-00C04F79EFBC}") = "PasswordGeneratorApp", "PasswordGeneratorApp.csproj", "{D676DD18-9C66-26D7-7030-431DC07B744B}"
EndProject
Global
	GlobalSection(SolutionConfigurationPlatforms) = preSolution
		Debug|Any CPU = Debug|Any CPU
		Release|Any CPU = Release|Any CPU
	EndGlobalSection
	GlobalSection(ProjectConfigurationPlatforms) = postSolution
		{D676DD18-9C66-26D7-7030-431DC07B744B}.Debug|Any CPU.ActiveCfg = Debug|Any CPU
		{D676DD18-9C66-26D7-7030-431DC07B744B}.Debug|Any CPU.Build.0 = Debug|Any CPU
		{D676DD18-9C66-26D7-7030-431DC07B744B}.Release|Any CPU.ActiveCfg = Release|Any CPU
		{D676DD18-9C66-26D7-7030-431DC07B744B}.Release|Any CPU.Build.0 = Release|Any CPU
	EndGlobalSection
	GlobalSection(SolutionProperties) = preSolution
		HideSolutionNode = FALSE
	EndGlobalSection
	GlobalSection(ExtensibilityGlobals) = postSolution
		SolutionGuid = {B9F3C500-B232-4266-9FEF-88EDED5CA34E}
	EndGlobalSection
EndGlobal
